
Microsoft Visual Studio Solution File, Format Version 12.00
# Visual Studio Version 17
VisualStudioVersion = 17.0.31903.59
MinimumVisualStudioVersion = 10.0.40219.1
Project("{2150E333-8FDC-42A3-9474-1A3956D46DE8}") = ".paket", ".paket", "{9D15BCE9-F886-4344-A0B2-417DC758C57A}"
	ProjectSection(SolutionItems) = preProject
		paket.dependencies = paket.dependencies
	EndProjectSection
EndProject
Project("{FAE04EC0-301F-11D3-BF4B-00C04F79EFBC}") = "IdentityProvider", "IdentityProvider\IdentityProvider.csproj", "{0A8FF96F-B2D9-4DA0-8DBB-974A1A0AAD8A}"
EndProject
Project("{E53339B2-1760-4266-BCC7-CA923CBCF16C}") = "docker-compose", "docker-compose.dcproj", "{ABF86F20-E9EC-4A3B-8133-8B092A4A563F}"
EndProject
Project("{FAE04EC0-301F-11D3-BF4B-00C04F79EFBC}") = "EcAuthConsoleApp", "ConsoleApp\EcAuthConsoleApp.csproj", "{B7E7DC18-F950-4B1B-A024-49A9F36EF7B3}"
EndProject
Project("{FAE04EC0-301F-11D3-BF4B-00C04F79EFBC}") = "MockOpenIdProvider", "MockOpenIdProvider\MockOpenIdProvider.csproj", "{600124FB-D514-460C-B316-458B188CA710}"
EndProject
Project("{FAE04EC0-301F-11D3-BF4B-00C04F79EFBC}") = "IdpUtilities", "IdpUtilities\IdpUtilities.csproj", "{F84AFBD9-D2D9-423E-B96F-ABA85947EF16}"
EndProject
Project("{FAE04EC0-301F-11D3-BF4B-00C04F79EFBC}") = "IdpUtilities.Test", "IdpUtilities.Test\IdpUtilities.Test.csproj", "{D00F16B6-40AD-467A-8AAE-61A280197AE6}"
EndProject
Global
	GlobalSection(SolutionConfigurationPlatforms) = preSolution
		Debug|Any CPU = Debug|Any CPU
		Release|Any CPU = Release|Any CPU
	EndGlobalSection
	GlobalSection(ProjectConfigurationPlatforms) = postSolution
		{0A8FF96F-B2D9-4DA0-8DBB-974A1A0AAD8A}.Debug|Any CPU.ActiveCfg = Debug|Any CPU
		{0A8FF96F-B2D9-4DA0-8DBB-974A1A0AAD8A}.Debug|Any CPU.Build.0 = Debug|Any CPU
		{0A8FF96F-B2D9-4DA0-8DBB-974A1A0AAD8A}.Release|Any CPU.ActiveCfg = Release|Any CPU
		{0A8FF96F-B2D9-4DA0-8DBB-974A1A0AAD8A}.Release|Any CPU.Build.0 = Release|Any CPU
		{ABF86F20-E9EC-4A3B-8133-8B092A4A563F}.Debug|Any CPU.ActiveCfg = Debug|Any CPU
		{ABF86F20-E9EC-4A3B-8133-8B092A4A563F}.Debug|Any CPU.Build.0 = Debug|Any CPU
		{ABF86F20-E9EC-4A3B-8133-8B092A4A563F}.Release|Any CPU.ActiveCfg = Release|Any CPU
		{ABF86F20-E9EC-4A3B-8133-8B092A4A563F}.Release|Any CPU.Build.0 = Release|Any CPU
		{B7E7DC18-F950-4B1B-A024-49A9F36EF7B3}.Debug|Any CPU.ActiveCfg = Debug|Any CPU
		{B7E7DC18-F950-4B1B-A024-49A9F36EF7B3}.Debug|Any CPU.Build.0 = Debug|Any CPU
		{B7E7DC18-F950-4B1B-A024-49A9F36EF7B3}.Release|Any CPU.ActiveCfg = Release|Any CPU
		{B7E7DC18-F950-4B1B-A024-49A9F36EF7B3}.Release|Any CPU.Build.0 = Release|Any CPU
		{600124FB-D514-460C-B316-458B188CA710}.Debug|Any CPU.ActiveCfg = Debug|Any CPU
		{600124FB-D514-460C-B316-458B188CA710}.Debug|Any CPU.Build.0 = Debug|Any CPU
		{600124FB-D514-460C-B316-458B188CA710}.Release|Any CPU.ActiveCfg = Release|Any CPU
		{600124FB-D514-460C-B316-458B188CA710}.Release|Any CPU.Build.0 = Release|Any CPU
		{F84AFBD9-D2D9-423E-B96F-ABA85947EF16}.Debug|Any CPU.ActiveCfg = Debug|Any CPU
		{F84AFBD9-D2D9-423E-B96F-ABA85947EF16}.Debug|Any CPU.Build.0 = Debug|Any CPU
		{F84AFBD9-D2D9-423E-B96F-ABA85947EF16}.Release|Any CPU.ActiveCfg = Release|Any CPU
		{F84AFBD9-D2D9-423E-B96F-ABA85947EF16}.Release|Any CPU.Build.0 = Release|Any CPU
		{D00F16B6-40AD-467A-8AAE-61A280197AE6}.Debug|Any CPU.ActiveCfg = Debug|Any CPU
		{D00F16B6-40AD-467A-8AAE-61A280197AE6}.Debug|Any CPU.Build.0 = Debug|Any CPU
		{D00F16B6-40AD-467A-8AAE-61A280197AE6}.Release|Any CPU.ActiveCfg = Release|Any CPU
		{D00F16B6-40AD-467A-8AAE-61A280197AE6}.Release|Any CPU.Build.0 = Release|Any CPU
	EndGlobalSection
	GlobalSection(SolutionProperties) = preSolution
		HideSolutionNode = FALSE
	EndGlobalSection
EndGlobal
