
Microsoft Visual Studio Solution File, Format Version 12.00
# Visual Studio Version 17
VisualStudioVersion = 17.0.31903.59
MinimumVisualStudioVersion = 10.0.40219.1
Project("{2150E333-8FDC-42A3-9474-1A3956D46DE8}") = ".paket", ".paket", "{9D15BCE9-F886-4344-A0B2-417DC758C57A}"
	ProjectSection(SolutionItems) = preProject
		paket.dependencies = paket.dependencies
	EndProjectSection
EndProject
Project("{F2A71F9B-5D33-465A-A702-920D77279786}") = "IdP", "IdP\IdP.fsproj", "{CCB32E31-7CC0-447B-8621-D5D3B7FCB785}"
EndProject
Project("{F2A71F9B-5D33-465A-A702-920D77279786}") = "Console", "Console\Console.fsproj", "{704B0B80-4CBE-452F-A4F3-4878A76E3C09}"
EndProject
Global
	GlobalSection(SolutionConfigurationPlatforms) = preSolution
		Debug|Any CPU = Debug|Any CPU
		Release|Any CPU = Release|Any CPU
	EndGlobalSection
	GlobalSection(SolutionProperties) = preSolution
		HideSolutionNode = FALSE
	EndGlobalSection
	GlobalSection(ProjectConfigurationPlatforms) = postSolution
		{CCB32E31-7CC0-447B-8621-D5D3B7FCB785}.Debug|Any CPU.ActiveCfg = Debug|Any CPU
		{CCB32E31-7CC0-447B-8621-D5D3B7FCB785}.Debug|Any CPU.Build.0 = Debug|Any CPU
		{CCB32E31-7CC0-447B-8621-D5D3B7FCB785}.Release|Any CPU.ActiveCfg = Release|Any CPU
		{CCB32E31-7CC0-447B-8621-D5D3B7FCB785}.Release|Any CPU.Build.0 = Release|Any CPU
		{704B0B80-4CBE-452F-A4F3-4878A76E3C09}.Debug|Any CPU.ActiveCfg = Debug|Any CPU
		{704B0B80-4CBE-452F-A4F3-4878A76E3C09}.Debug|Any CPU.Build.0 = Debug|Any CPU
		{704B0B80-4CBE-452F-A4F3-4878A76E3C09}.Release|Any CPU.ActiveCfg = Release|Any CPU
		{704B0B80-4CBE-452F-A4F3-4878A76E3C09}.Release|Any CPU.Build.0 = Release|Any CPU
	EndGlobalSection
EndGlobal
